
Microsoft Visual Studio Solution File, Format Version 12.00
# Visual Studio Version 17
VisualStudioVersion = 17.2.32526.322
MinimumVisualStudioVersion = 10.0.40219.1
Project("{FAE04EC0-301F-11D3-BF4B-00C04F79EFBC}") = "CleanAnimalNames", "CleanAnimalNames.csproj", "{C1B4BCB6-F7E7-448E-A3FD-4EF032FFE509}"
EndProject
Global
	GlobalSection(SolutionConfigurationPlatforms) = preSolution
		Debug|Any CPU = Debug|Any CPU
		Release|Any CPU = Release|Any CPU
	EndGlobalSection
	GlobalSection(ProjectConfigurationPlatforms) = postSolution
		{C1B4BCB6-F7E7-448E-A3FD-4EF032FFE509}.Debug|Any CPU.ActiveCfg = Debug|Any CPU
		{C1B4BCB6-F7E7-448E-A3FD-4EF032FFE509}.Debug|Any CPU.Build.0 = Debug|Any CPU
		{C1B4BCB6-F7E7-448E-A3FD-4EF032FFE509}.Release|Any CPU.ActiveCfg = Release|Any CPU
		{C1B4BCB6-F7E7-448E-A3FD-4EF032FFE509}.Release|Any CPU.Build.0 = Release|Any CPU
	EndGlobalSection
	GlobalSection(SolutionProperties) = preSolution
		HideSolutionNode = FALSE
	EndGlobalSection
	GlobalSection(ExtensibilityGlobals) = postSolution
		SolutionGuid = {CB3C12E4-D08D-4F1D-B709-84496AF53DBA}
	EndGlobalSection
EndGlobal
